{
  "requires": true,
  "lockfileVersion": 1,
  "dependencies": {
    "@types/echarts": {
      "version": "4.9.17",
      "resolved": "https://registry.npmmirror.com/@types/echarts/-/echarts-4.9.17.tgz",
      "integrity": "sha512-/G6BfkA9lwjpJIS/Av6oljzj1ub58WQJW9t7300xyRUFgoBych7uve+NbV8L1oaDS5mg4b78JYP88q+ebVJ0Wg==",
      "dev": true,
      "requires": {
        "@types/zrender": "*"
      }
    },
    "@types/zrender": {
      "version": "4.0.3",
      "resolved": "https://registry.npmmirror.com/@types/zrender/-/zrender-4.0.3.tgz",
      "integrity": "sha512-EPI269lkHNsObwILJ1k1z7znLjKyePuWRy/XKK0shSGpBb9cIX307arcwJV4+2NeZj5wEjN06r4D8yFv7sI06g==",
      "dev": true
    }
  }
}
